
Microsoft Visual Studio Solution File, Format Version 12.00
# Visual Studio Version 17
VisualStudioVersion = 17.0.31903.59
MinimumVisualStudioVersion = 10.0.40219.1
Project("{9A19103F-16F7-4668-BE54-9A1E7A4F7556}") = "OneUiToRuleThemAll.Components", "OneUiToRuleThemAll.Components\OneUiToRuleThemAll.Components.csproj", "{E4852EA1-B048-4284-B9E6-2D38511F76A0}"
EndProject
Project("{9A19103F-16F7-4668-BE54-9A1E7A4F7556}") = "OneUiToRuleThemAll.WinFormApp", "OneUiToRuleThemAll.WinFormApp\OneUiToRuleThemAll.WinFormApp.csproj", "{F4C09DB6-D3CB-4785-B348-50CB0F074167}"
EndProject
Project("{FAE04EC0-301F-11D3-BF4B-00C04F79EFBC}") = "OneUiToRuleThemAll.WebApp", "OneUiToRuleThemAll.WebApp\OneUiToRuleThemAll.WebApp.csproj", "{7F388961-8180-42ED-B83B-0BB32040D244}"
EndProject
Global
	GlobalSection(SolutionConfigurationPlatforms) = preSolution
		Debug|Any CPU = Debug|Any CPU
		Release|Any CPU = Release|Any CPU
	EndGlobalSection
	GlobalSection(ProjectConfigurationPlatforms) = postSolution
		{E4852EA1-B048-4284-B9E6-2D38511F76A0}.Debug|Any CPU.ActiveCfg = Debug|Any CPU
		{E4852EA1-B048-4284-B9E6-2D38511F76A0}.Debug|Any CPU.Build.0 = Debug|Any CPU
		{E4852EA1-B048-4284-B9E6-2D38511F76A0}.Release|Any CPU.ActiveCfg = Release|Any CPU
		{E4852EA1-B048-4284-B9E6-2D38511F76A0}.Release|Any CPU.Build.0 = Release|Any CPU
		{F4C09DB6-D3CB-4785-B348-50CB0F074167}.Debug|Any CPU.ActiveCfg = Debug|Any CPU
		{F4C09DB6-D3CB-4785-B348-50CB0F074167}.Debug|Any CPU.Build.0 = Debug|Any CPU
		{F4C09DB6-D3CB-4785-B348-50CB0F074167}.Release|Any CPU.ActiveCfg = Release|Any CPU
		{F4C09DB6-D3CB-4785-B348-50CB0F074167}.Release|Any CPU.Build.0 = Release|Any CPU
		{7F388961-8180-42ED-B83B-0BB32040D244}.Debug|Any CPU.ActiveCfg = Debug|Any CPU
		{7F388961-8180-42ED-B83B-0BB32040D244}.Debug|Any CPU.Build.0 = Debug|Any CPU
		{7F388961-8180-42ED-B83B-0BB32040D244}.Release|Any CPU.ActiveCfg = Release|Any CPU
		{7F388961-8180-42ED-B83B-0BB32040D244}.Release|Any CPU.Build.0 = Release|Any CPU
	EndGlobalSection
	GlobalSection(SolutionProperties) = preSolution
		HideSolutionNode = FALSE
	EndGlobalSection
	GlobalSection(ExtensibilityGlobals) = postSolution
		SolutionGuid = {6ECCE5CA-49AC-4525-B077-6C59E31D21FE}
	EndGlobalSection
EndGlobal
